
Microsoft Visual Studio Solution File, Format Version 12.00
# Visual Studio 2012
Project("{FAE04EC0-301F-11D3-BF4B-00C04F79EFBC}") = "alibipantry.com", "alibipantry.com\alibipantry.com.csproj", "{DC172097-4886-4D77-8E96-66CD37A12F7B}"
EndProject
Global
	GlobalSection(SolutionConfigurationPlatforms) = preSolution
		Debug|Any CPU = Debug|Any CPU
		Release|Any CPU = Release|Any CPU
	EndGlobalSection
	GlobalSection(ProjectConfigurationPlatforms) = postSolution
		{DC172097-4886-4D77-8E96-66CD37A12F7B}.Debug|Any CPU.ActiveCfg = Debug|Any CPU
		{DC172097-4886-4D77-8E96-66CD37A12F7B}.Debug|Any CPU.Build.0 = Debug|Any CPU
		{DC172097-4886-4D77-8E96-66CD37A12F7B}.Release|Any CPU.ActiveCfg = Release|Any CPU
		{DC172097-4886-4D77-8E96-66CD37A12F7B}.Release|Any CPU.Build.0 = Release|Any CPU
	EndGlobalSection
	GlobalSection(SolutionProperties) = preSolution
		HideSolutionNode = FALSE
	EndGlobalSection
EndGlobal
